
Microsoft Visual Studio Solution File, Format Version 12.00
# Visual Studio Version 17
VisualStudioVersion = 17.4.33110.190
MinimumVisualStudioVersion = 10.0.40219.1
Project("{FAE04EC0-301F-11D3-BF4B-00C04F79EFBC}") = "NewsService", "NewsService.csproj", "{EE4A9ADB-1C99-461E-BF5F-17B9DC2F75BD}"
EndProject
Global
	GlobalSection(SolutionConfigurationPlatforms) = preSolution
		Debug|Any CPU = Debug|Any CPU
		Release|Any CPU = Release|Any CPU
	EndGlobalSection
	GlobalSection(ProjectConfigurationPlatforms) = postSolution
		{EE4A9ADB-1C99-461E-BF5F-17B9DC2F75BD}.Debug|Any CPU.ActiveCfg = Debug|Any CPU
		{EE4A9ADB-1C99-461E-BF5F-17B9DC2F75BD}.Debug|Any CPU.Build.0 = Debug|Any CPU
		{EE4A9ADB-1C99-461E-BF5F-17B9DC2F75BD}.Release|Any CPU.ActiveCfg = Release|Any CPU
		{EE4A9ADB-1C99-461E-BF5F-17B9DC2F75BD}.Release|Any CPU.Build.0 = Release|Any CPU
	EndGlobalSection
	GlobalSection(SolutionProperties) = preSolution
		HideSolutionNode = FALSE
	EndGlobalSection
	GlobalSection(ExtensibilityGlobals) = postSolution
		SolutionGuid = {A6571D83-C75C-4CB8-93FA-AB21C520B3A9}
	EndGlobalSection
EndGlobal
